
Microsoft Visual Studio Solution File, Format Version 12.00
# Visual Studio 15
VisualStudioVersion = 15.0.26228.9
MinimumVisualStudioVersion = 10.0.40219.1
Project("{FAE04EC0-301F-11D3-BF4B-00C04F79EFBC}") = "AbstractFactory", "AbstractFactory.csproj", "{6BCDCDC2-13B4-4B14-A4A0-3AE3F127EE02}"
EndProject
Project("{FAE04EC0-301F-11D3-BF4B-00C04F79EFBC}") = "Builder", "..\BuildPattern\Builder.csproj", "{0A7032FA-1056-44FC-9665-C18B38AD8B20}"
EndProject
Project("{FAE04EC0-301F-11D3-BF4B-00C04F79EFBC}") = "FactoryMethod", "..\FactoryMethod\FactoryMethod.csproj", "{21FC46C1-829E-4194-BD02-23B41BC687CC}"
EndProject
Project("{FAE04EC0-301F-11D3-BF4B-00C04F79EFBC}") = "Prototype", "..\Prototype\Prototype.csproj", "{36992C22-592D-4529-83B3-7F335784897C}"
EndProject
Project("{FAE04EC0-301F-11D3-BF4B-00C04F79EFBC}") = "Singleton", "Singleton\Singleton.csproj", "{ECFEAD3F-1312-48E6-BC12-DA1175F4DCDA}"
EndProject
Project("{FAE04EC0-301F-11D3-BF4B-00C04F79EFBC}") = "Adapter", "..\Adapter\Adapter.csproj", "{AECE38C4-0243-49BC-8927-6E98F9A3FE5D}"
EndProject
Global
	GlobalSection(SolutionConfigurationPlatforms) = preSolution
		Debug|Any CPU = Debug|Any CPU
		Release|Any CPU = Release|Any CPU
	EndGlobalSection
	GlobalSection(ProjectConfigurationPlatforms) = postSolution
		{6BCDCDC2-13B4-4B14-A4A0-3AE3F127EE02}.Debug|Any CPU.ActiveCfg = Debug|Any CPU
		{6BCDCDC2-13B4-4B14-A4A0-3AE3F127EE02}.Debug|Any CPU.Build.0 = Debug|Any CPU
		{6BCDCDC2-13B4-4B14-A4A0-3AE3F127EE02}.Release|Any CPU.ActiveCfg = Release|Any CPU
		{6BCDCDC2-13B4-4B14-A4A0-3AE3F127EE02}.Release|Any CPU.Build.0 = Release|Any CPU
		{0A7032FA-1056-44FC-9665-C18B38AD8B20}.Debug|Any CPU.ActiveCfg = Debug|Any CPU
		{0A7032FA-1056-44FC-9665-C18B38AD8B20}.Debug|Any CPU.Build.0 = Debug|Any CPU
		{0A7032FA-1056-44FC-9665-C18B38AD8B20}.Release|Any CPU.ActiveCfg = Release|Any CPU
		{0A7032FA-1056-44FC-9665-C18B38AD8B20}.Release|Any CPU.Build.0 = Release|Any CPU
		{21FC46C1-829E-4194-BD02-23B41BC687CC}.Debug|Any CPU.ActiveCfg = Debug|Any CPU
		{21FC46C1-829E-4194-BD02-23B41BC687CC}.Debug|Any CPU.Build.0 = Debug|Any CPU
		{21FC46C1-829E-4194-BD02-23B41BC687CC}.Release|Any CPU.ActiveCfg = Release|Any CPU
		{21FC46C1-829E-4194-BD02-23B41BC687CC}.Release|Any CPU.Build.0 = Release|Any CPU
		{36992C22-592D-4529-83B3-7F335784897C}.Debug|Any CPU.ActiveCfg = Debug|Any CPU
		{36992C22-592D-4529-83B3-7F335784897C}.Debug|Any CPU.Build.0 = Debug|Any CPU
		{36992C22-592D-4529-83B3-7F335784897C}.Release|Any CPU.ActiveCfg = Release|Any CPU
		{36992C22-592D-4529-83B3-7F335784897C}.Release|Any CPU.Build.0 = Release|Any CPU
		{ECFEAD3F-1312-48E6-BC12-DA1175F4DCDA}.Debug|Any CPU.ActiveCfg = Debug|Any CPU
		{ECFEAD3F-1312-48E6-BC12-DA1175F4DCDA}.Debug|Any CPU.Build.0 = Debug|Any CPU
		{ECFEAD3F-1312-48E6-BC12-DA1175F4DCDA}.Release|Any CPU.ActiveCfg = Release|Any CPU
		{ECFEAD3F-1312-48E6-BC12-DA1175F4DCDA}.Release|Any CPU.Build.0 = Release|Any CPU
		{AECE38C4-0243-49BC-8927-6E98F9A3FE5D}.Debug|Any CPU.ActiveCfg = Debug|Any CPU
		{AECE38C4-0243-49BC-8927-6E98F9A3FE5D}.Debug|Any CPU.Build.0 = Debug|Any CPU
		{AECE38C4-0243-49BC-8927-6E98F9A3FE5D}.Release|Any CPU.ActiveCfg = Release|Any CPU
		{AECE38C4-0243-49BC-8927-6E98F9A3FE5D}.Release|Any CPU.Build.0 = Release|Any CPU
	EndGlobalSection
	GlobalSection(SolutionProperties) = preSolution
		HideSolutionNode = FALSE
	EndGlobalSection
EndGlobal
